// !$*UTF8*$!
{
	archiveVersion = 1;
	classes = {
	};
	objectVersion = 55;
	objects = {

/* Begin PBXBuildFile section */
		32F2F34027EF903E00348653 /* hw2App.swift in Sources */ = {isa = PBXBuildFile; fileRef = 32F2F33F27EF903E00348653 /* hw2App.swift */; };
		32F2F34427EF904200348653 /* Assets.xcassets in Resources */ = {isa = PBXBuildFile; fileRef = 32F2F34327EF904200348653 /* Assets.xcassets */; };
		32F2F34727EF904200348653 /* Preview Assets.xcassets in Resources */ = {isa = PBXBuildFile; fileRef = 32F2F34627EF904200348653 /* Preview Assets.xcassets */; };
		32F2F34F27EF922800348653 /* NewsScreen.swift in Sources */ = {isa = PBXBuildFile; fileRef = 32F2F34E27EF922800348653 /* NewsScreen.swift */; };
		32F2F35127EF924400348653 /* NewsViewModel.swift in Sources */ = {isa = PBXBuildFile; fileRef = 32F2F35027EF924400348653 /* NewsViewModel.swift */; };
		32F2F35B27EF974700348653 /* newsapi.yaml in Resources */ = {isa = PBXBuildFile; fileRef = 32F2F35A27EF974700348653 /* newsapi.yaml */; };
		32F2F35D27EF975400348653 /* generate.sh in Resources */ = {isa = PBXBuildFile; fileRef = 32F2F35C27EF975400348653 /* generate.sh */; };
		32F2F36127EF9B5800348653 /* NewsNetworking in Frameworks */ = {isa = PBXBuildFile; productRef = 32F2F36027EF9B5800348653 /* NewsNetworking */; };
		32F2F36327EF9E6900348653 /* ArticleCell.swift in Sources */ = {isa = PBXBuildFile; fileRef = 32F2F36227EF9E6900348653 /* ArticleCell.swift */; };
		32F2F36727EFAF0E00348653 /* Article.swift in Sources */ = {isa = PBXBuildFile; fileRef = 32F2F36627EFAF0E00348653 /* Article.swift */; };
		32F2F36927EFAF3900348653 /* Collection.swift in Sources */ = {isa = PBXBuildFile; fileRef = 32F2F36827EFAF3900348653 /* Collection.swift */; };
		32F2F36C27F0870100348653 /* Screen.swift in Sources */ = {isa = PBXBuildFile; fileRef = 32F2F36B27F0870100348653 /* Screen.swift */; };
		32F2F36E27F0877200348653 /* NavigationStack.swift in Sources */ = {isa = PBXBuildFile; fileRef = 32F2F36D27F0877200348653 /* NavigationStack.swift */; };
		32F2F37027F0881F00348653 /* View.swift in Sources */ = {isa = PBXBuildFile; fileRef = 32F2F36F27F0881F00348653 /* View.swift */; };
		32F2F37227F0886D00348653 /* NavigationContainerViewModel.swift in Sources */ = {isa = PBXBuildFile; fileRef = 32F2F37127F0886D00348653 /* NavigationContainerViewModel.swift */; };
		32F2F37427F0895400348653 /* NavigationContainerView.swift in Sources */ = {isa = PBXBuildFile; fileRef = 32F2F37327F0895400348653 /* NavigationContainerView.swift */; };
		32F2F37627F08C6600348653 /* ArticleScreen.swift in Sources */ = {isa = PBXBuildFile; fileRef = 32F2F37527F08C6600348653 /* ArticleScreen.swift */; };
/* End PBXBuildFile section */

/* Begin PBXFileReference section */
		32F2F33C27EF903E00348653 /* hw2.app */ = {isa = PBXFileReference; explicitFileType = wrapper.application; includeInIndex = 0; path = hw2.app; sourceTree = BUILT_PRODUCTS_DIR; };
		32F2F33F27EF903E00348653 /* hw2App.swift */ = {isa = PBXFileReference; lastKnownFileType = sourcecode.swift; path = hw2App.swift; sourceTree = "<group>"; };
		32F2F34327EF904200348653 /* Assets.xcassets */ = {isa = PBXFileReference; lastKnownFileType = folder.assetcatalog; path = Assets.xcassets; sourceTree = "<group>"; };
		32F2F34627EF904200348653 /* Preview Assets.xcassets */ = {isa = PBXFileReference; lastKnownFileType = folder.assetcatalog; path = "Preview Assets.xcassets"; sourceTree = "<group>"; };
		32F2F34E27EF922800348653 /* NewsScreen.swift */ = {isa = PBXFileReference; lastKnownFileType = sourcecode.swift; path = NewsScreen.swift; sourceTree = "<group>"; };
		32F2F35027EF924400348653 /* NewsViewModel.swift */ = {isa = PBXFileReference; lastKnownFileType = sourcecode.swift; path = NewsViewModel.swift; sourceTree = "<group>"; };
		32F2F35A27EF974700348653 /* newsapi.yaml */ = {isa = PBXFileReference; fileEncoding = 4; lastKnownFileType = text.yaml; path = newsapi.yaml; sourceTree = SOURCE_ROOT; };
		32F2F35C27EF975400348653 /* generate.sh */ = {isa = PBXFileReference; fileEncoding = 4; lastKnownFileType = text.script.sh; path = generate.sh; sourceTree = SOURCE_ROOT; };
		32F2F35E27EF97F100348653 /* NewsNetworking */ = {isa = PBXFileReference; lastKnownFileType = text; name = NewsNetworking; path = Modules/NewsNetworking; sourceTree = SOURCE_ROOT; };
		32F2F36227EF9E6900348653 /* ArticleCell.swift */ = {isa = PBXFileReference; lastKnownFileType = sourcecode.swift; path = ArticleCell.swift; sourceTree = "<group>"; };
		32F2F36627EFAF0E00348653 /* Article.swift */ = {isa = PBXFileReference; lastKnownFileType = sourcecode.swift; path = Article.swift; sourceTree = "<group>"; };
		32F2F36827EFAF3900348653 /* Collection.swift */ = {isa = PBXFileReference; lastKnownFileType = sourcecode.swift; path = Collection.swift; sourceTree = "<group>"; };
		32F2F36B27F0870100348653 /* Screen.swift */ = {isa = PBXFileReference; lastKnownFileType = sourcecode.swift; path = Screen.swift; sourceTree = "<group>"; };
		32F2F36D27F0877200348653 /* NavigationStack.swift */ = {isa = PBXFileReference; lastKnownFileType = sourcecode.swift; path = NavigationStack.swift; sourceTree = "<group>"; };
		32F2F36F27F0881F00348653 /* View.swift */ = {isa = PBXFileReference; lastKnownFileType = sourcecode.swift; path = View.swift; sourceTree = "<group>"; };
		32F2F37127F0886D00348653 /* NavigationContainerViewModel.swift */ = {isa = PBXFileReference; lastKnownFileType = sourcecode.swift; path = NavigationContainerViewModel.swift; sourceTree = "<group>"; };
		32F2F37327F0895400348653 /* NavigationContainerView.swift */ = {isa = PBXFileReference; lastKnownFileType = sourcecode.swift; path = NavigationContainerView.swift; sourceTree = "<group>"; };
		32F2F37527F08C6600348653 /* ArticleScreen.swift */ = {isa = PBXFileReference; lastKnownFileType = sourcecode.swift; path = ArticleScreen.swift; sourceTree = "<group>"; };
/* End PBXFileReference section */

/* Begin PBXFrameworksBuildPhase section */
		32F2F33927EF903E00348653 /* Frameworks */ = {
			isa = PBXFrameworksBuildPhase;
			buildActionMask = 2147483647;
			files = (
				32F2F36127EF9B5800348653 /* NewsNetworking in Frameworks */,
			);
			runOnlyForDeploymentPostprocessing = 0;
		};
/* End PBXFrameworksBuildPhase section */

/* Begin PBXGroup section */
		32F2F33327EF903E00348653 = {
			isa = PBXGroup;
			children = (
				32F2F33E27EF903E00348653 /* hw2 */,
				32F2F33D27EF903E00348653 /* Products */,
				32F2F35F27EF9B5800348653 /* Frameworks */,
			);
			sourceTree = "<group>";
		};
		32F2F33D27EF903E00348653 /* Products */ = {
			isa = PBXGroup;
			children = (
				32F2F33C27EF903E00348653 /* hw2.app */,
			);
			name = Products;
			sourceTree = "<group>";
		};
		32F2F33E27EF903E00348653 /* hw2 */ = {
			isa = PBXGroup;
			children = (
				32F2F35E27EF97F100348653 /* NewsNetworking */,
				32F2F36527EFAEFA00348653 /* Extensions */,
				32F2F34D27EF921200348653 /* News */,
				32F2F36A27F086E300348653 /* Navigation */,
				32F2F33F27EF903E00348653 /* hw2App.swift */,
				32F2F34327EF904200348653 /* Assets.xcassets */,
				32F2F34527EF904200348653 /* Preview Content */,
				32F2F35A27EF974700348653 /* newsapi.yaml */,
				32F2F35C27EF975400348653 /* generate.sh */,
			);
			path = hw2;
			sourceTree = "<group>";
		};
		32F2F34527EF904200348653 /* Preview Content */ = {
			isa = PBXGroup;
			children = (
				32F2F34627EF904200348653 /* Preview Assets.xcassets */,
			);
			path = "Preview Content";
			sourceTree = "<group>";
		};
		32F2F34D27EF921200348653 /* News */ = {
			isa = PBXGroup;
			children = (
				32F2F34E27EF922800348653 /* NewsScreen.swift */,
				32F2F35027EF924400348653 /* NewsViewModel.swift */,
				32F2F36227EF9E6900348653 /* ArticleCell.swift */,
				32F2F37527F08C6600348653 /* ArticleScreen.swift */,
			);
			path = News;
			sourceTree = "<group>";
		};
		32F2F35F27EF9B5800348653 /* Frameworks */ = {
			isa = PBXGroup;
			children = (
			);
			name = Frameworks;
			sourceTree = "<group>";
		};
		32F2F36527EFAEFA00348653 /* Extensions */ = {
			isa = PBXGroup;
			children = (
				32F2F36627EFAF0E00348653 /* Article.swift */,
				32F2F36827EFAF3900348653 /* Collection.swift */,
			);
			path = Extensions;
			sourceTree = "<group>";
		};
		32F2F36A27F086E300348653 /* Navigation */ = {
			isa = PBXGroup;
			children = (
				32F2F36B27F0870100348653 /* Screen.swift */,
				32F2F36D27F0877200348653 /* NavigationStack.swift */,
				32F2F36F27F0881F00348653 /* View.swift */,
				32F2F37127F0886D00348653 /* NavigationContainerViewModel.swift */,
				32F2F37327F0895400348653 /* NavigationContainerView.swift */,
			);
			path = Navigation;
			sourceTree = "<group>";
		};
/* End PBXGroup section */

/* Begin PBXNativeTarget section */
		32F2F33B27EF903E00348653 /* hw2 */ = {
			isa = PBXNativeTarget;
			buildConfigurationList = 32F2F34A27EF904200348653 /* Build configuration list for PBXNativeTarget "hw2" */;
			buildPhases = (
				32F2F33827EF903E00348653 /* Sources */,
				32F2F33927EF903E00348653 /* Frameworks */,
				32F2F33A27EF903E00348653 /* Resources */,
			);
			buildRules = (
			);
			dependencies = (
			);
			name = hw2;
			packageProductDependencies = (
				32F2F36027EF9B5800348653 /* NewsNetworking */,
			);
			productName = hw2;
			productReference = 32F2F33C27EF903E00348653 /* hw2.app */;
			productType = "com.apple.product-type.application";
		};
/* End PBXNativeTarget section */

/* Begin PBXProject section */
		32F2F33427EF903E00348653 /* Project object */ = {
			isa = PBXProject;
			attributes = {
				BuildIndependentTargetsInParallel = 1;
				LastSwiftUpdateCheck = 1320;
				LastUpgradeCheck = 1320;
				TargetAttributes = {
					32F2F33B27EF903E00348653 = {
						CreatedOnToolsVersion = 13.2.1;
					};
				};
			};
			buildConfigurationList = 32F2F33727EF903E00348653 /* Build configuration list for PBXProject "hw2" */;
			compatibilityVersion = "Xcode 13.0";
			developmentRegion = en;
			hasScannedForEncodings = 0;
			knownRegions = (
				en,
				Base,
			);
			mainGroup = 32F2F33327EF903E00348653;
			productRefGroup = 32F2F33D27EF903E00348653 /* Products */;
			projectDirPath = "";
			projectRoot = "";
			targets = (
				32F2F33B27EF903E00348653 /* hw2 */,
			);
		};
/* End PBXProject section */

/* Begin PBXResourcesBuildPhase section */
		32F2F33A27EF903E00348653 /* Resources */ = {
			isa = PBXResourcesBuildPhase;
			buildActionMask = 2147483647;
			files = (
				32F2F34727EF904200348653 /* Preview Assets.xcassets in Resources */,
				32F2F35B27EF974700348653 /* newsapi.yaml in Resources */,
				32F2F34427EF904200348653 /* Assets.xcassets in Resources */,
				32F2F35D27EF975400348653 /* generate.sh in Resources */,
			);
			runOnlyForDeploymentPostprocessing = 0;
		};
/* End PBXResourcesBuildPhase section */

/* Begin PBXSourcesBuildPhase section */
		32F2F33827EF903E00348653 /* Sources */ = {
			isa = PBXSourcesBuildPhase;
			buildActionMask = 2147483647;
			files = (
				32F2F37227F0886D00348653 /* NavigationContainerViewModel.swift in Sources */,
				32F2F36C27F0870100348653 /* Screen.swift in Sources */,
				32F2F37627F08C6600348653 /* ArticleScreen.swift in Sources */,
				32F2F34027EF903E00348653 /* hw2App.swift in Sources */,
				32F2F37427F0895400348653 /* NavigationContainerView.swift in Sources */,
				32F2F34F27EF922800348653 /* NewsScreen.swift in Sources */,
				32F2F36327EF9E6900348653 /* ArticleCell.swift in Sources */,
				32F2F36927EFAF3900348653 /* Collection.swift in Sources */,
				32F2F37027F0881F00348653 /* View.swift in Sources */,
				32F2F35127EF924400348653 /* NewsViewModel.swift in Sources */,
				32F2F36E27F0877200348653 /* NavigationStack.swift in Sources */,
				32F2F36727EFAF0E00348653 /* Article.swift in Sources */,
			);
			runOnlyForDeploymentPostprocessing = 0;
		};
/* End PBXSourcesBuildPhase section */

/* Begin XCBuildConfiguration section */
		32F2F34827EF904200348653 /* Debug */ = {
			isa = XCBuildConfiguration;
			buildSettings = {
				ALWAYS_SEARCH_USER_PATHS = NO;
				CLANG_ANALYZER_NONNULL = YES;
				CLANG_ANALYZER_NUMBER_OBJECT_CONVERSION = YES_AGGRESSIVE;
				CLANG_CXX_LANGUAGE_STANDARD = "gnu++17";
				CLANG_CXX_LIBRARY = "libc++";
				CLANG_ENABLE_MODULES = YES;
				CLANG_ENABLE_OBJC_ARC = YES;
				CLANG_ENABLE_OBJC_WEAK = YES;
				CLANG_WARN_BLOCK_CAPTURE_AUTORELEASING = YES;
				CLANG_WARN_BOOL_CONVERSION = YES;
				CLANG_WARN_COMMA = YES;
				CLANG_WARN_CONSTANT_CONVERSION = YES;
				CLANG_WARN_DEPRECATED_OBJC_IMPLEMENTATIONS = YES;
				CLANG_WARN_DIRECT_OBJC_ISA_USAGE = YES_ERROR;
				CLANG_WARN_DOCUMENTATION_COMMENTS = YES;
				CLANG_WARN_EMPTY_BODY = YES;
				CLANG_WARN_ENUM_CONVERSION = YES;
				CLANG_WARN_INFINITE_RECURSION = YES;
				CLANG_WARN_INT_CONVERSION = YES;
				CLANG_WARN_NON_LITERAL_NULL_CONVERSION = YES;
				CLANG_WARN_OBJC_IMPLICIT_RETAIN_SELF = YES;
				CLANG_WARN_OBJC_LITERAL_CONVERSION = YES;
				CLANG_WARN_OBJC_ROOT_CLASS = YES_ERROR;
				CLANG_WARN_QUOTED_INCLUDE_IN_FRAMEWORK_HEADER = YES;
				CLANG_WARN_RANGE_LOOP_ANALYSIS = YES;
				CLANG_WARN_STRICT_PROTOTYPES = YES;
				CLANG_WARN_SUSPICIOUS_MOVE = YES;
				CLANG_WARN_UNGUARDED_AVAILABILITY = YES_AGGRESSIVE;
				CLANG_WARN_UNREACHABLE_CODE = YES;
				CLANG_WARN__DUPLICATE_METHOD_MATCH = YES;
				COPY_PHASE_STRIP = NO;
				DEBUG_INFORMATION_FORMAT = dwarf;
				ENABLE_STRICT_OBJC_MSGSEND = YES;
				ENABLE_TESTABILITY = YES;
				GCC_C_LANGUAGE_STANDARD = gnu11;
				GCC_DYNAMIC_NO_PIC = NO;
				GCC_NO_COMMON_BLOCKS = YES;
				GCC_OPTIMIZATION_LEVEL = 0;
				GCC_PREPROCESSOR_DEFINITIONS = (
					"DEBUG=1",
					"$(inherited)",
				);
				GCC_WARN_64_TO_32_BIT_CONVERSION = YES;
				GCC_WARN_ABOUT_RETURN_TYPE = YES_ERROR;
				GCC_WARN_UNDECLARED_SELECTOR = YES;
				GCC_WARN_UNINITIALIZED_AUTOS = YES_AGGRESSIVE;
				GCC_WARN_UNUSED_FUNCTION = YES;
				GCC_WARN_UNUSED_VARIABLE = YES;
				IPHONEOS_DEPLOYMENT_TARGET = 15.2;
				MTL_ENABLE_DEBUG_INFO = INCLUDE_SOURCE;
				MTL_FAST_MATH = YES;
				ONLY_ACTIVE_ARCH = YES;
				SDKROOT = iphoneos;
				SWIFT_ACTIVE_COMPILATION_CONDITIONS = DEBUG;
				SWIFT_OPTIMIZATION_LEVEL = "-Onone";
			};
			name = Debug;
		};
		32F2F34927EF904200348653 /* Release */ = {
			isa = XCBuildConfiguration;
			buildSettings = {
				ALWAYS_SEARCH_USER_PATHS = NO;
				CLANG_ANALYZER_NONNULL = YES;
				CLANG_ANALYZER_NUMBER_OBJECT_CONVERSION = YES_AGGRESSIVE;
				CLANG_CXX_LANGUAGE_STANDARD = "gnu++17";
				CLANG_CXX_LIBRARY = "libc++";
				CLANG_ENABLE_MODULES = YES;
				CLANG_ENABLE_OBJC_ARC = YES;
				CLANG_ENABLE_OBJC_WEAK = YES;
				CLANG_WARN_BLOCK_CAPTURE_AUTORELEASING = YES;
				CLANG_WARN_BOOL_CONVERSION = YES;
				CLANG_WARN_COMMA = YES;
				CLANG_WARN_CONSTANT_CONVERSION = YES;
				CLANG_WARN_DEPRECATED_OBJC_IMPLEMENTATIONS = YES;
				CLANG_WARN_DIRECT_OBJC_ISA_USAGE = YES_ERROR;
				CLANG_WARN_DOCUMENTATION_COMMENTS = YES;
				CLANG_WARN_EMPTY_BODY = YES;
				CLANG_WARN_ENUM_CONVERSION = YES;
				CLANG_WARN_INFINITE_RECURSION = YES;
				CLANG_WARN_INT_CONVERSION = YES;
				CLANG_WARN_NON_LITERAL_NULL_CONVERSION = YES;
				CLANG_WARN_OBJC_IMPLICIT_RETAIN_SELF = YES;
				CLANG_WARN_OBJC_LITERAL_CONVERSION = YES;
				CLANG_WARN_OBJC_ROOT_CLASS = YES_ERROR;
				CLANG_WARN_QUOTED_INCLUDE_IN_FRAMEWORK_HEADER = YES;
				CLANG_WARN_RANGE_LOOP_ANALYSIS = YES;
				CLANG_WARN_STRICT_PROTOTYPES = YES;
				CLANG_WARN_SUSPICIOUS_MOVE = YES;
				CLANG_WARN_UNGUARDED_AVAILABILITY = YES_AGGRESSIVE;
				CLANG_WARN_UNREACHABLE_CODE = YES;
				CLANG_WARN__DUPLICATE_METHOD_MATCH = YES;
				COPY_PHASE_STRIP = NO;
				DEBUG_INFORMATION_FORMAT = "dwarf-with-dsym";
				ENABLE_NS_ASSERTIONS = NO;
				ENABLE_STRICT_OBJC_MSGSEND = YES;
				GCC_C_LANGUAGE_STANDARD = gnu11;
				GCC_NO_COMMON_BLOCKS = YES;
				GCC_WARN_64_TO_32_BIT_CONVERSION = YES;
				GCC_WARN_ABOUT_RETURN_TYPE = YES_ERROR;
				GCC_WARN_UNDECLARED_SELECTOR = YES;
				GCC_WARN_UNINITIALIZED_AUTOS = YES_AGGRESSIVE;
				GCC_WARN_UNUSED_FUNCTION = YES;
				GCC_WARN_UNUSED_VARIABLE = YES;
				IPHONEOS_DEPLOYMENT_TARGET = 15.2;
				MTL_ENABLE_DEBUG_INFO = NO;
				MTL_FAST_MATH = YES;
				SDKROOT = iphoneos;
				SWIFT_COMPILATION_MODE = wholemodule;
				SWIFT_OPTIMIZATION_LEVEL = "-O";
				VALIDATE_PRODUCT = YES;
			};
			name = Release;
		};
		32F2F34B27EF904200348653 /* Debug */ = {
			isa = XCBuildConfiguration;
			buildSettings = {
				ASSETCATALOG_COMPILER_APPICON_NAME = AppIcon;
				ASSETCATALOG_COMPILER_GLOBAL_ACCENT_COLOR_NAME = AccentColor;
				CODE_SIGN_STYLE = Automatic;
				CURRENT_PROJECT_VERSION = 1;
				DEVELOPMENT_ASSET_PATHS = "\"hw2/Preview Content\"";
				DEVELOPMENT_TEAM = F22RUMBF52;
				ENABLE_PREVIEWS = YES;
				GENERATE_INFOPLIST_FILE = YES;
				INFOPLIST_KEY_UIApplicationSceneManifest_Generation = YES;
				INFOPLIST_KEY_UIApplicationSupportsIndirectInputEvents = YES;
				INFOPLIST_KEY_UILaunchScreen_Generation = YES;
				INFOPLIST_KEY_UISupportedInterfaceOrientations_iPad = "UIInterfaceOrientationPortrait UIInterfaceOrientationPortraitUpsideDown UIInterfaceOrientationLandscapeLeft UIInterfaceOrientationLandscapeRight";
				INFOPLIST_KEY_UISupportedInterfaceOrientations_iPhone = "UIInterfaceOrientationPortrait UIInterfaceOrientationLandscapeLeft UIInterfaceOrientationLandscapeRight";
				LD_RUNPATH_SEARCH_PATHS = (
					"$(inherited)",
					"@executable_path/Frameworks",
				);
				MARKETING_VERSION = 1.0;
				PRODUCT_BUNDLE_IDENTIFIER = org.rykov.hw2;
				PRODUCT_NAME = "$(TARGET_NAME)";
				SWIFT_EMIT_LOC_STRINGS = YES;
				SWIFT_VERSION = 5.0;
				TARGETED_DEVICE_FAMILY = "1,2";
			};
			name = Debug;
		};
		32F2F34C27EF904200348653 /* Release */ = {
			isa = XCBuildConfiguration;
			buildSettings = {
				ASSETCATALOG_COMPILER_APPICON_NAME = AppIcon;
				ASSETCATALOG_COMPILER_GLOBAL_ACCENT_COLOR_NAME = AccentColor;
				CODE_SIGN_STYLE = Automatic;
				CURRENT_PROJECT_VERSION = 1;
				DEVELOPMENT_ASSET_PATHS = "\"hw2/Preview Content\"";
				DEVELOPMENT_TEAM = F22RUMBF52;
				ENABLE_PREVIEWS = YES;
				GENERATE_INFOPLIST_FILE = YES;
				INFOPLIST_KEY_UIApplicationSceneManifest_Generation = YES;
				INFOPLIST_KEY_UIApplicationSupportsIndirectInputEvents = YES;
				INFOPLIST_KEY_UILaunchScreen_Generation = YES;
				INFOPLIST_KEY_UISupportedInterfaceOrientations_iPad = "UIInterfaceOrientationPortrait UIInterfaceOrientationPortraitUpsideDown UIInterfaceOrientationLandscapeLeft UIInterfaceOrientationLandscapeRight";
				INFOPLIST_KEY_UISupportedInterfaceOrientations_iPhone = "UIInterfaceOrientationPortrait UIInterfaceOrientationLandscapeLeft UIInterfaceOrientationLandscapeRight";
				LD_RUNPATH_SEARCH_PATHS = (
					"$(inherited)",
					"@executable_path/Frameworks",
				);
				MARKETING_VERSION = 1.0;
				PRODUCT_BUNDLE_IDENTIFIER = org.rykov.hw2;
				PRODUCT_NAME = "$(TARGET_NAME)";
				SWIFT_EMIT_LOC_STRINGS = YES;
				SWIFT_VERSION = 5.0;
				TARGETED_DEVICE_FAMILY = "1,2";
			};
			name = Release;
		};
/* End XCBuildConfiguration section */

/* Begin XCConfigurationList section */
		32F2F33727EF903E00348653 /* Build configuration list for PBXProject "hw2" */ = {
			isa = XCConfigurationList;
			buildConfigurations = (
				32F2F34827EF904200348653 /* Debug */,
				32F2F34927EF904200348653 /* Release */,
			);
			defaultConfigurationIsVisible = 0;
			defaultConfigurationName = Release;
		};
		32F2F34A27EF904200348653 /* Build configuration list for PBXNativeTarget "hw2" */ = {
			isa = XCConfigurationList;
			buildConfigurations = (
				32F2F34B27EF904200348653 /* Debug */,
				32F2F34C27EF904200348653 /* Release */,
			);
			defaultConfigurationIsVisible = 0;
			defaultConfigurationName = Release;
		};
/* End XCConfigurationList section */

/* Begin XCSwiftPackageProductDependency section */
		32F2F36027EF9B5800348653 /* NewsNetworking */ = {
			isa = XCSwiftPackageProductDependency;
			productName = NewsNetworking;
		};
/* End XCSwiftPackageProductDependency section */
	};
	rootObject = 32F2F33427EF903E00348653 /* Project object */;
}
