// !$*UTF8*$!
{
	archiveVersion = 1;
	classes = {
	};
	objectVersion = 55;
	objects = {

/* Begin PBXBuildFile section */
		32E13DDF2804C9970093CF34 /* hw4App.swift in Sources */ = {isa = PBXBuildFile; fileRef = 32E13DDE2804C9970093CF34 /* hw4App.swift */; };
		32E13DE32804C99A0093CF34 /* Assets.xcassets in Resources */ = {isa = PBXBuildFile; fileRef = 32E13DE22804C99A0093CF34 /* Assets.xcassets */; };
		32E13DE62804C99A0093CF34 /* Preview Assets.xcassets in Resources */ = {isa = PBXBuildFile; fileRef = 32E13DE52804C99A0093CF34 /* Preview Assets.xcassets */; };
		32E13DF32804CB060093CF34 /* generate.sh in Resources */ = {isa = PBXBuildFile; fileRef = 32E13DF12804CB060093CF34 /* generate.sh */; };
		32E13DF42804CB060093CF34 /* newsapi.yaml in Resources */ = {isa = PBXBuildFile; fileRef = 32E13DF22804CB060093CF34 /* newsapi.yaml */; };
		32E13DFA2804CD4C0093CF34 /* NavigationModule in Frameworks */ = {isa = PBXBuildFile; productRef = 32E13DF92804CD4C0093CF34 /* NavigationModule */; };
		32E13DFC2804CDCB0093CF34 /* NewsUI in Frameworks */ = {isa = PBXBuildFile; productRef = 32E13DFB2804CDCB0093CF34 /* NewsUI */; };
/* End PBXBuildFile section */

/* Begin PBXFileReference section */
		32E13DDB2804C9970093CF34 /* hw4.app */ = {isa = PBXFileReference; explicitFileType = wrapper.application; includeInIndex = 0; path = hw4.app; sourceTree = BUILT_PRODUCTS_DIR; };
		32E13DDE2804C9970093CF34 /* hw4App.swift */ = {isa = PBXFileReference; lastKnownFileType = sourcecode.swift; path = hw4App.swift; sourceTree = "<group>"; };
		32E13DE22804C99A0093CF34 /* Assets.xcassets */ = {isa = PBXFileReference; lastKnownFileType = folder.assetcatalog; path = Assets.xcassets; sourceTree = "<group>"; };
		32E13DE52804C99A0093CF34 /* Preview Assets.xcassets */ = {isa = PBXFileReference; lastKnownFileType = folder.assetcatalog; path = "Preview Assets.xcassets"; sourceTree = "<group>"; };
		32E13DEC2804CA1C0093CF34 /* NewsNetworking */ = {isa = PBXFileReference; lastKnownFileType = text; name = NewsNetworking; path = Modules/NewsNetworking; sourceTree = SOURCE_ROOT; };
		32E13DEE2804CA5F0093CF34 /* CoreModule */ = {isa = PBXFileReference; lastKnownFileType = text; name = CoreModule; path = Modules/CoreModule; sourceTree = SOURCE_ROOT; };
		32E13DF02804CABC0093CF34 /* NewsUI */ = {isa = PBXFileReference; lastKnownFileType = text; name = NewsUI; path = Modules/NewsUI; sourceTree = SOURCE_ROOT; };
		32E13DF12804CB060093CF34 /* generate.sh */ = {isa = PBXFileReference; fileEncoding = 4; lastKnownFileType = text.script.sh; path = generate.sh; sourceTree = "<group>"; };
		32E13DF22804CB060093CF34 /* newsapi.yaml */ = {isa = PBXFileReference; fileEncoding = 4; lastKnownFileType = text.yaml; path = newsapi.yaml; sourceTree = "<group>"; };
		32E13DF82804CCFF0093CF34 /* NavigationModule */ = {isa = PBXFileReference; lastKnownFileType = wrapper; path = NavigationModule; sourceTree = "<group>"; };
/* End PBXFileReference section */

/* Begin PBXFrameworksBuildPhase section */
		32E13DD82804C9970093CF34 /* Frameworks */ = {
			isa = PBXFrameworksBuildPhase;
			buildActionMask = 2147483647;
			files = (
				32E13DFA2804CD4C0093CF34 /* NavigationModule in Frameworks */,
				32E13DFC2804CDCB0093CF34 /* NewsUI in Frameworks */,
			);
			runOnlyForDeploymentPostprocessing = 0;
		};
/* End PBXFrameworksBuildPhase section */

/* Begin PBXGroup section */
		32E13DD22804C9970093CF34 = {
			isa = PBXGroup;
			children = (
				32E13DF12804CB060093CF34 /* generate.sh */,
				32E13DF22804CB060093CF34 /* newsapi.yaml */,
				32E13DDD2804C9970093CF34 /* hw4 */,
				32E13DDC2804C9970093CF34 /* Products */,
				32E13DF52804CC970093CF34 /* Frameworks */,
			);
			sourceTree = "<group>";
		};
		32E13DDC2804C9970093CF34 /* Products */ = {
			isa = PBXGroup;
			children = (
				32E13DDB2804C9970093CF34 /* hw4.app */,
			);
			name = Products;
			sourceTree = "<group>";
		};
		32E13DDD2804C9970093CF34 /* hw4 */ = {
			isa = PBXGroup;
			children = (
				32E13DF82804CCFF0093CF34 /* NavigationModule */,
				32E13DF02804CABC0093CF34 /* NewsUI */,
				32E13DEE2804CA5F0093CF34 /* CoreModule */,
				32E13DEC2804CA1C0093CF34 /* NewsNetworking */,
				32E13DDE2804C9970093CF34 /* hw4App.swift */,
				32E13DE22804C99A0093CF34 /* Assets.xcassets */,
				32E13DE42804C99A0093CF34 /* Preview Content */,
			);
			path = hw4;
			sourceTree = "<group>";
		};
		32E13DE42804C99A0093CF34 /* Preview Content */ = {
			isa = PBXGroup;
			children = (
				32E13DE52804C99A0093CF34 /* Preview Assets.xcassets */,
			);
			path = "Preview Content";
			sourceTree = "<group>";
		};
		32E13DF52804CC970093CF34 /* Frameworks */ = {
			isa = PBXGroup;
			children = (
			);
			name = Frameworks;
			sourceTree = "<group>";
		};
/* End PBXGroup section */

/* Begin PBXNativeTarget section */
		32E13DDA2804C9970093CF34 /* hw4 */ = {
			isa = PBXNativeTarget;
			buildConfigurationList = 32E13DE92804C99A0093CF34 /* Build configuration list for PBXNativeTarget "hw4" */;
			buildPhases = (
				32E13DD72804C9970093CF34 /* Sources */,
				32E13DD82804C9970093CF34 /* Frameworks */,
				32E13DD92804C9970093CF34 /* Resources */,
			);
			buildRules = (
			);
			dependencies = (
			);
			name = hw4;
			packageProductDependencies = (
				32E13DF92804CD4C0093CF34 /* NavigationModule */,
				32E13DFB2804CDCB0093CF34 /* NewsUI */,
			);
			productName = hw4;
			productReference = 32E13DDB2804C9970093CF34 /* hw4.app */;
			productType = "com.apple.product-type.application";
		};
/* End PBXNativeTarget section */

/* Begin PBXProject section */
		32E13DD32804C9970093CF34 /* Project object */ = {
			isa = PBXProject;
			attributes = {
				BuildIndependentTargetsInParallel = 1;
				LastSwiftUpdateCheck = 1320;
				LastUpgradeCheck = 1320;
				TargetAttributes = {
					32E13DDA2804C9970093CF34 = {
						CreatedOnToolsVersion = 13.2.1;
					};
				};
			};
			buildConfigurationList = 32E13DD62804C9970093CF34 /* Build configuration list for PBXProject "hw4" */;
			compatibilityVersion = "Xcode 13.0";
			developmentRegion = en;
			hasScannedForEncodings = 0;
			knownRegions = (
				en,
				Base,
			);
			mainGroup = 32E13DD22804C9970093CF34;
			productRefGroup = 32E13DDC2804C9970093CF34 /* Products */;
			projectDirPath = "";
			projectRoot = "";
			targets = (
				32E13DDA2804C9970093CF34 /* hw4 */,
			);
		};
/* End PBXProject section */

/* Begin PBXResourcesBuildPhase section */
		32E13DD92804C9970093CF34 /* Resources */ = {
			isa = PBXResourcesBuildPhase;
			buildActionMask = 2147483647;
			files = (
				32E13DF42804CB060093CF34 /* newsapi.yaml in Resources */,
				32E13DE62804C99A0093CF34 /* Preview Assets.xcassets in Resources */,
				32E13DE32804C99A0093CF34 /* Assets.xcassets in Resources */,
				32E13DF32804CB060093CF34 /* generate.sh in Resources */,
			);
			runOnlyForDeploymentPostprocessing = 0;
		};
/* End PBXResourcesBuildPhase section */

/* Begin PBXSourcesBuildPhase section */
		32E13DD72804C9970093CF34 /* Sources */ = {
			isa = PBXSourcesBuildPhase;
			buildActionMask = 2147483647;
			files = (
				32E13DDF2804C9970093CF34 /* hw4App.swift in Sources */,
			);
			runOnlyForDeploymentPostprocessing = 0;
		};
/* End PBXSourcesBuildPhase section */

/* Begin XCBuildConfiguration section */
		32E13DE72804C99A0093CF34 /* Debug */ = {
			isa = XCBuildConfiguration;
			buildSettings = {
				ALWAYS_SEARCH_USER_PATHS = NO;
				CLANG_ANALYZER_NONNULL = YES;
				CLANG_ANALYZER_NUMBER_OBJECT_CONVERSION = YES_AGGRESSIVE;
				CLANG_CXX_LANGUAGE_STANDARD = "gnu++17";
				CLANG_CXX_LIBRARY = "libc++";
				CLANG_ENABLE_MODULES = YES;
				CLANG_ENABLE_OBJC_ARC = YES;
				CLANG_ENABLE_OBJC_WEAK = YES;
				CLANG_WARN_BLOCK_CAPTURE_AUTORELEASING = YES;
				CLANG_WARN_BOOL_CONVERSION = YES;
				CLANG_WARN_COMMA = YES;
				CLANG_WARN_CONSTANT_CONVERSION = YES;
				CLANG_WARN_DEPRECATED_OBJC_IMPLEMENTATIONS = YES;
				CLANG_WARN_DIRECT_OBJC_ISA_USAGE = YES_ERROR;
				CLANG_WARN_DOCUMENTATION_COMMENTS = YES;
				CLANG_WARN_EMPTY_BODY = YES;
				CLANG_WARN_ENUM_CONVERSION = YES;
				CLANG_WARN_INFINITE_RECURSION = YES;
				CLANG_WARN_INT_CONVERSION = YES;
				CLANG_WARN_NON_LITERAL_NULL_CONVERSION = YES;
				CLANG_WARN_OBJC_IMPLICIT_RETAIN_SELF = YES;
				CLANG_WARN_OBJC_LITERAL_CONVERSION = YES;
				CLANG_WARN_OBJC_ROOT_CLASS = YES_ERROR;
				CLANG_WARN_QUOTED_INCLUDE_IN_FRAMEWORK_HEADER = YES;
				CLANG_WARN_RANGE_LOOP_ANALYSIS = YES;
				CLANG_WARN_STRICT_PROTOTYPES = YES;
				CLANG_WARN_SUSPICIOUS_MOVE = YES;
				CLANG_WARN_UNGUARDED_AVAILABILITY = YES_AGGRESSIVE;
				CLANG_WARN_UNREACHABLE_CODE = YES;
				CLANG_WARN__DUPLICATE_METHOD_MATCH = YES;
				COPY_PHASE_STRIP = NO;
				DEBUG_INFORMATION_FORMAT = dwarf;
				ENABLE_STRICT_OBJC_MSGSEND = YES;
				ENABLE_TESTABILITY = YES;
				GCC_C_LANGUAGE_STANDARD = gnu11;
				GCC_DYNAMIC_NO_PIC = NO;
				GCC_NO_COMMON_BLOCKS = YES;
				GCC_OPTIMIZATION_LEVEL = 0;
				GCC_PREPROCESSOR_DEFINITIONS = (
					"DEBUG=1",
					"$(inherited)",
				);
				GCC_WARN_64_TO_32_BIT_CONVERSION = YES;
				GCC_WARN_ABOUT_RETURN_TYPE = YES_ERROR;
				GCC_WARN_UNDECLARED_SELECTOR = YES;
				GCC_WARN_UNINITIALIZED_AUTOS = YES_AGGRESSIVE;
				GCC_WARN_UNUSED_FUNCTION = YES;
				GCC_WARN_UNUSED_VARIABLE = YES;
				IPHONEOS_DEPLOYMENT_TARGET = 15.2;
				MTL_ENABLE_DEBUG_INFO = INCLUDE_SOURCE;
				MTL_FAST_MATH = YES;
				ONLY_ACTIVE_ARCH = YES;
				SDKROOT = iphoneos;
				SWIFT_ACTIVE_COMPILATION_CONDITIONS = DEBUG;
				SWIFT_OPTIMIZATION_LEVEL = "-Onone";
			};
			name = Debug;
		};
		32E13DE82804C99A0093CF34 /* Release */ = {
			isa = XCBuildConfiguration;
			buildSettings = {
				ALWAYS_SEARCH_USER_PATHS = NO;
				CLANG_ANALYZER_NONNULL = YES;
				CLANG_ANALYZER_NUMBER_OBJECT_CONVERSION = YES_AGGRESSIVE;
				CLANG_CXX_LANGUAGE_STANDARD = "gnu++17";
				CLANG_CXX_LIBRARY = "libc++";
				CLANG_ENABLE_MODULES = YES;
				CLANG_ENABLE_OBJC_ARC = YES;
				CLANG_ENABLE_OBJC_WEAK = YES;
				CLANG_WARN_BLOCK_CAPTURE_AUTORELEASING = YES;
				CLANG_WARN_BOOL_CONVERSION = YES;
				CLANG_WARN_COMMA = YES;
				CLANG_WARN_CONSTANT_CONVERSION = YES;
				CLANG_WARN_DEPRECATED_OBJC_IMPLEMENTATIONS = YES;
				CLANG_WARN_DIRECT_OBJC_ISA_USAGE = YES_ERROR;
				CLANG_WARN_DOCUMENTATION_COMMENTS = YES;
				CLANG_WARN_EMPTY_BODY = YES;
				CLANG_WARN_ENUM_CONVERSION = YES;
				CLANG_WARN_INFINITE_RECURSION = YES;
				CLANG_WARN_INT_CONVERSION = YES;
				CLANG_WARN_NON_LITERAL_NULL_CONVERSION = YES;
				CLANG_WARN_OBJC_IMPLICIT_RETAIN_SELF = YES;
				CLANG_WARN_OBJC_LITERAL_CONVERSION = YES;
				CLANG_WARN_OBJC_ROOT_CLASS = YES_ERROR;
				CLANG_WARN_QUOTED_INCLUDE_IN_FRAMEWORK_HEADER = YES;
				CLANG_WARN_RANGE_LOOP_ANALYSIS = YES;
				CLANG_WARN_STRICT_PROTOTYPES = YES;
				CLANG_WARN_SUSPICIOUS_MOVE = YES;
				CLANG_WARN_UNGUARDED_AVAILABILITY = YES_AGGRESSIVE;
				CLANG_WARN_UNREACHABLE_CODE = YES;
				CLANG_WARN__DUPLICATE_METHOD_MATCH = YES;
				COPY_PHASE_STRIP = NO;
				DEBUG_INFORMATION_FORMAT = "dwarf-with-dsym";
				ENABLE_NS_ASSERTIONS = NO;
				ENABLE_STRICT_OBJC_MSGSEND = YES;
				GCC_C_LANGUAGE_STANDARD = gnu11;
				GCC_NO_COMMON_BLOCKS = YES;
				GCC_WARN_64_TO_32_BIT_CONVERSION = YES;
				GCC_WARN_ABOUT_RETURN_TYPE = YES_ERROR;
				GCC_WARN_UNDECLARED_SELECTOR = YES;
				GCC_WARN_UNINITIALIZED_AUTOS = YES_AGGRESSIVE;
				GCC_WARN_UNUSED_FUNCTION = YES;
				GCC_WARN_UNUSED_VARIABLE = YES;
				IPHONEOS_DEPLOYMENT_TARGET = 15.2;
				MTL_ENABLE_DEBUG_INFO = NO;
				MTL_FAST_MATH = YES;
				SDKROOT = iphoneos;
				SWIFT_COMPILATION_MODE = wholemodule;
				SWIFT_OPTIMIZATION_LEVEL = "-O";
				VALIDATE_PRODUCT = YES;
			};
			name = Release;
		};
		32E13DEA2804C99A0093CF34 /* Debug */ = {
			isa = XCBuildConfiguration;
			buildSettings = {
				ASSETCATALOG_COMPILER_APPICON_NAME = AppIcon;
				ASSETCATALOG_COMPILER_GLOBAL_ACCENT_COLOR_NAME = AccentColor;
				CODE_SIGN_STYLE = Automatic;
				CURRENT_PROJECT_VERSION = 1;
				DEVELOPMENT_ASSET_PATHS = "\"hw4/Preview Content\"";
				DEVELOPMENT_TEAM = F22RUMBF52;
				ENABLE_PREVIEWS = YES;
				GENERATE_INFOPLIST_FILE = YES;
				INFOPLIST_KEY_UIApplicationSceneManifest_Generation = YES;
				INFOPLIST_KEY_UIApplicationSupportsIndirectInputEvents = YES;
				INFOPLIST_KEY_UILaunchScreen_Generation = YES;
				INFOPLIST_KEY_UISupportedInterfaceOrientations_iPad = "UIInterfaceOrientationPortrait UIInterfaceOrientationPortraitUpsideDown UIInterfaceOrientationLandscapeLeft UIInterfaceOrientationLandscapeRight";
				INFOPLIST_KEY_UISupportedInterfaceOrientations_iPhone = "UIInterfaceOrientationPortrait UIInterfaceOrientationLandscapeLeft UIInterfaceOrientationLandscapeRight";
				LD_RUNPATH_SEARCH_PATHS = (
					"$(inherited)",
					"@executable_path/Frameworks",
				);
				MARKETING_VERSION = 1.0;
				PRODUCT_BUNDLE_IDENTIFIER = org.rykov.hw4;
				PRODUCT_NAME = "$(TARGET_NAME)";
				SWIFT_EMIT_LOC_STRINGS = YES;
				SWIFT_VERSION = 5.0;
				TARGETED_DEVICE_FAMILY = "1,2";
			};
			name = Debug;
		};
		32E13DEB2804C99A0093CF34 /* Release */ = {
			isa = XCBuildConfiguration;
			buildSettings = {
				ASSETCATALOG_COMPILER_APPICON_NAME = AppIcon;
				ASSETCATALOG_COMPILER_GLOBAL_ACCENT_COLOR_NAME = AccentColor;
				CODE_SIGN_STYLE = Automatic;
				CURRENT_PROJECT_VERSION = 1;
				DEVELOPMENT_ASSET_PATHS = "\"hw4/Preview Content\"";
				DEVELOPMENT_TEAM = F22RUMBF52;
				ENABLE_PREVIEWS = YES;
				GENERATE_INFOPLIST_FILE = YES;
				INFOPLIST_KEY_UIApplicationSceneManifest_Generation = YES;
				INFOPLIST_KEY_UIApplicationSupportsIndirectInputEvents = YES;
				INFOPLIST_KEY_UILaunchScreen_Generation = YES;
				INFOPLIST_KEY_UISupportedInterfaceOrientations_iPad = "UIInterfaceOrientationPortrait UIInterfaceOrientationPortraitUpsideDown UIInterfaceOrientationLandscapeLeft UIInterfaceOrientationLandscapeRight";
				INFOPLIST_KEY_UISupportedInterfaceOrientations_iPhone = "UIInterfaceOrientationPortrait UIInterfaceOrientationLandscapeLeft UIInterfaceOrientationLandscapeRight";
				LD_RUNPATH_SEARCH_PATHS = (
					"$(inherited)",
					"@executable_path/Frameworks",
				);
				MARKETING_VERSION = 1.0;
				PRODUCT_BUNDLE_IDENTIFIER = org.rykov.hw4;
				PRODUCT_NAME = "$(TARGET_NAME)";
				SWIFT_EMIT_LOC_STRINGS = YES;
				SWIFT_VERSION = 5.0;
				TARGETED_DEVICE_FAMILY = "1,2";
			};
			name = Release;
		};
/* End XCBuildConfiguration section */

/* Begin XCConfigurationList section */
		32E13DD62804C9970093CF34 /* Build configuration list for PBXProject "hw4" */ = {
			isa = XCConfigurationList;
			buildConfigurations = (
				32E13DE72804C99A0093CF34 /* Debug */,
				32E13DE82804C99A0093CF34 /* Release */,
			);
			defaultConfigurationIsVisible = 0;
			defaultConfigurationName = Release;
		};
		32E13DE92804C99A0093CF34 /* Build configuration list for PBXNativeTarget "hw4" */ = {
			isa = XCConfigurationList;
			buildConfigurations = (
				32E13DEA2804C99A0093CF34 /* Debug */,
				32E13DEB2804C99A0093CF34 /* Release */,
			);
			defaultConfigurationIsVisible = 0;
			defaultConfigurationName = Release;
		};
/* End XCConfigurationList section */

/* Begin XCSwiftPackageProductDependency section */
		32E13DF92804CD4C0093CF34 /* NavigationModule */ = {
			isa = XCSwiftPackageProductDependency;
			productName = NavigationModule;
		};
		32E13DFB2804CDCB0093CF34 /* NewsUI */ = {
			isa = XCSwiftPackageProductDependency;
			productName = NewsUI;
		};
/* End XCSwiftPackageProductDependency section */
	};
	rootObject = 32E13DD32804C9970093CF34 /* Project object */;
}
